
Microsoft Visual Studio Solution File, Format Version 12.00
# Visual Studio Version 17
VisualStudioVersion = 17.1.32328.378
MinimumVisualStudioVersion = 10.0.40219.1
Project("{FAE04EC0-301F-11D3-BF4B-00C04F79EFBC}") = "Encriptador", "Encriptador\Encriptador.csproj", "{5629C65E-ABBB-40CB-A7C7-B4AF9AFE6EB3}"
EndProject
Global
	GlobalSection(SolutionConfigurationPlatforms) = preSolution
		Debug|Any CPU = Debug|Any CPU
		Release|Any CPU = Release|Any CPU
	EndGlobalSection
	GlobalSection(ProjectConfigurationPlatforms) = postSolution
		{5629C65E-ABBB-40CB-A7C7-B4AF9AFE6EB3}.Debug|Any CPU.ActiveCfg = Debug|Any CPU
		{5629C65E-ABBB-40CB-A7C7-B4AF9AFE6EB3}.Debug|Any CPU.Build.0 = Debug|Any CPU
		{5629C65E-ABBB-40CB-A7C7-B4AF9AFE6EB3}.Release|Any CPU.ActiveCfg = Release|Any CPU
		{5629C65E-ABBB-40CB-A7C7-B4AF9AFE6EB3}.Release|Any CPU.Build.0 = Release|Any CPU
	EndGlobalSection
	GlobalSection(SolutionProperties) = preSolution
		HideSolutionNode = FALSE
	EndGlobalSection
	GlobalSection(ExtensibilityGlobals) = postSolution
		SolutionGuid = {14AD1D43-240D-44C8-9F6C-4313BEA382AF}
	EndGlobalSection
EndGlobal
